
Microsoft Visual Studio Solution File, Format Version 12.00
# Visual Studio 15
VisualStudioVersion = 15.0.28307.1082
MinimumVisualStudioVersion = 10.0.40219.1
Project("{FAE04EC0-301F-11D3-BF4B-00C04F79EFBC}") = "PineconeGames.Core", "PineconeGames.Core\PineconeGames.Core.csproj", "{AE052EDA-3405-44F9-9784-9DA9AFB62E4B}"
EndProject
Global
	GlobalSection(SolutionConfigurationPlatforms) = preSolution
		Debug|Any CPU = Debug|Any CPU
		Release|Any CPU = Release|Any CPU
	EndGlobalSection
	GlobalSection(ProjectConfigurationPlatforms) = postSolution
		{AE052EDA-3405-44F9-9784-9DA9AFB62E4B}.Debug|Any CPU.ActiveCfg = Debug|Any CPU
		{AE052EDA-3405-44F9-9784-9DA9AFB62E4B}.Debug|Any CPU.Build.0 = Debug|Any CPU
		{AE052EDA-3405-44F9-9784-9DA9AFB62E4B}.Release|Any CPU.ActiveCfg = Release|Any CPU
		{AE052EDA-3405-44F9-9784-9DA9AFB62E4B}.Release|Any CPU.Build.0 = Release|Any CPU
	EndGlobalSection
	GlobalSection(SolutionProperties) = preSolution
		HideSolutionNode = FALSE
	EndGlobalSection
	GlobalSection(ExtensibilityGlobals) = postSolution
		SolutionGuid = {4D085874-3E50-4865-BDCE-FFAE0867901D}
	EndGlobalSection
EndGlobal
